
Microsoft Visual Studio Solution File, Format Version 12.00
# Visual Studio Version 16
VisualStudioVersion = 16.0.32002.261
MinimumVisualStudioVersion = 10.0.40219.1
Project("{FAE04EC0-301F-11D3-BF4B-00C04F79EFBC}") = "Gw2EndgameCompanion.UWP", "Gw2EndgameCompanion\Gw2EndgameCompanion.UWP\Gw2EndgameCompanion.UWP.csproj", "{D2577344-F879-4E7C-B931-37894B29BC1F}"
EndProject
Project("{FAE04EC0-301F-11D3-BF4B-00C04F79EFBC}") = "Gw2EndgameCompanion.Android", "Gw2EndgameCompanion\Gw2EndgameCompanion.Android\Gw2EndgameCompanion.Android.csproj", "{C1684FDB-7D45-40C6-91E8-9C04B5B97589}"
EndProject
Project("{FAE04EC0-301F-11D3-BF4B-00C04F79EFBC}") = "Gw2EndgameCompanion.iOS", "Gw2EndgameCompanion\Gw2EndgameCompanion.iOS\Gw2EndgameCompanion.iOS.csproj", "{5260FB12-4A8F-4D25-9718-0FAD8CC89166}"
EndProject
Project("{FAE04EC0-301F-11D3-BF4B-00C04F79EFBC}") = "Gw2EndgameCompanion", "Gw2EndgameCompanion\Gw2EndgameCompanion\Gw2EndgameCompanion.csproj", "{F282F3C7-F8F0-4224-98DC-093BBE76F7C4}"
EndProject
Project("{2150E333-8FDC-42A3-9474-1A3956D46DE8}") = "Persistence", "Persistence", "{A4220621-4A81-4D62-ABA2-0F0EEFE179A8}"
EndProject
Project("{FAE04EC0-301F-11D3-BF4B-00C04F79EFBC}") = "Gw2EndgameCompanion.Persistence", "Gw2EndgameCompanion.Persistence\Gw2EndgameCompanion.Persistence.csproj", "{624175D6-9739-4109-9BA2-96EBD62B4736}"
EndProject
Project("{FAE04EC0-301F-11D3-BF4B-00C04F79EFBC}") = "Gw2EndgameCompanion.Persistence.TextJSON", "Gw2EndgameCompanion.Persistence.TextJSON\Gw2EndgameCompanion.Persistence.TextJSON.csproj", "{472454CD-E395-419A-9C9A-2211DFFE6EDE}"
EndProject
Project("{2150E333-8FDC-42A3-9474-1A3956D46DE8}") = "View", "View", "{685E387A-4901-404B-90FF-D82F5637D3D6}"
EndProject
Project("{FAE04EC0-301F-11D3-BF4B-00C04F79EFBC}") = "Gw2EndgameCompanion.Model", "Gw2EndgameCompanion.Model\Gw2EndgameCompanion.Model.csproj", "{B144BAC5-A6F1-4493-9450-F48BE19877D9}"
EndProject
Project("{FAE04EC0-301F-11D3-BF4B-00C04F79EFBC}") = "Gw2EndgameCompanion.ViewModel", "Gw2EndgameCompanion.ViewModel\Gw2EndgameCompanion.ViewModel.csproj", "{5BBC17E6-C4AE-477C-AFDF-62AAD1DC3A85}"
EndProject
Global
	GlobalSection(SolutionConfigurationPlatforms) = preSolution
		Debug|Any CPU = Debug|Any CPU
		Debug|ARM = Debug|ARM
		Debug|iPhone = Debug|iPhone
		Debug|iPhoneSimulator = Debug|iPhoneSimulator
		Debug|x64 = Debug|x64
		Debug|x86 = Debug|x86
		Release|Any CPU = Release|Any CPU
		Release|ARM = Release|ARM
		Release|iPhone = Release|iPhone
		Release|iPhoneSimulator = Release|iPhoneSimulator
		Release|x64 = Release|x64
		Release|x86 = Release|x86
	EndGlobalSection
	GlobalSection(ProjectConfigurationPlatforms) = postSolution
		{D2577344-F879-4E7C-B931-37894B29BC1F}.Debug|Any CPU.ActiveCfg = Debug|x86
		{D2577344-F879-4E7C-B931-37894B29BC1F}.Debug|Any CPU.Build.0 = Debug|x86
		{D2577344-F879-4E7C-B931-37894B29BC1F}.Debug|Any CPU.Deploy.0 = Debug|x86
		{D2577344-F879-4E7C-B931-37894B29BC1F}.Debug|ARM.ActiveCfg = Debug|ARM
		{D2577344-F879-4E7C-B931-37894B29BC1F}.Debug|ARM.Build.0 = Debug|ARM
		{D2577344-F879-4E7C-B931-37894B29BC1F}.Debug|ARM.Deploy.0 = Debug|ARM
		{D2577344-F879-4E7C-B931-37894B29BC1F}.Debug|iPhone.ActiveCfg = Debug|x86
		{D2577344-F879-4E7C-B931-37894B29BC1F}.Debug|iPhone.Build.0 = Debug|x86
		{D2577344-F879-4E7C-B931-37894B29BC1F}.Debug|iPhone.Deploy.0 = Debug|x86
		{D2577344-F879-4E7C-B931-37894B29BC1F}.Debug|iPhoneSimulator.ActiveCfg = Debug|x86
		{D2577344-F879-4E7C-B931-37894B29BC1F}.Debug|iPhoneSimulator.Build.0 = Debug|x86
		{D2577344-F879-4E7C-B931-37894B29BC1F}.Debug|iPhoneSimulator.Deploy.0 = Debug|x86
		{D2577344-F879-4E7C-B931-37894B29BC1F}.Debug|x64.ActiveCfg = Debug|x64
		{D2577344-F879-4E7C-B931-37894B29BC1F}.Debug|x64.Build.0 = Debug|x64
		{D2577344-F879-4E7C-B931-37894B29BC1F}.Debug|x64.Deploy.0 = Debug|x64
		{D2577344-F879-4E7C-B931-37894B29BC1F}.Debug|x86.ActiveCfg = Debug|x86
		{D2577344-F879-4E7C-B931-37894B29BC1F}.Debug|x86.Build.0 = Debug|x86
		{D2577344-F879-4E7C-B931-37894B29BC1F}.Debug|x86.Deploy.0 = Debug|x86
		{D2577344-F879-4E7C-B931-37894B29BC1F}.Release|Any CPU.ActiveCfg = Release|x86
		{D2577344-F879-4E7C-B931-37894B29BC1F}.Release|Any CPU.Build.0 = Release|x86
		{D2577344-F879-4E7C-B931-37894B29BC1F}.Release|Any CPU.Deploy.0 = Release|x86
		{D2577344-F879-4E7C-B931-37894B29BC1F}.Release|ARM.ActiveCfg = Release|ARM
		{D2577344-F879-4E7C-B931-37894B29BC1F}.Release|ARM.Build.0 = Release|ARM
		{D2577344-F879-4E7C-B931-37894B29BC1F}.Release|ARM.Deploy.0 = Release|ARM
		{D2577344-F879-4E7C-B931-37894B29BC1F}.Release|iPhone.ActiveCfg = Release|x86
		{D2577344-F879-4E7C-B931-37894B29BC1F}.Release|iPhone.Build.0 = Release|x86
		{D2577344-F879-4E7C-B931-37894B29BC1F}.Release|iPhone.Deploy.0 = Release|x86
		{D2577344-F879-4E7C-B931-37894B29BC1F}.Release|iPhoneSimulator.ActiveCfg = Release|x86
		{D2577344-F879-4E7C-B931-37894B29BC1F}.Release|iPhoneSimulator.Build.0 = Release|x86
		{D2577344-F879-4E7C-B931-37894B29BC1F}.Release|iPhoneSimulator.Deploy.0 = Release|x86
		{D2577344-F879-4E7C-B931-37894B29BC1F}.Release|x64.ActiveCfg = Release|x64
		{D2577344-F879-4E7C-B931-37894B29BC1F}.Release|x64.Build.0 = Release|x64
		{D2577344-F879-4E7C-B931-37894B29BC1F}.Release|x64.Deploy.0 = Release|x64
		{D2577344-F879-4E7C-B931-37894B29BC1F}.Release|x86.ActiveCfg = Release|x86
		{D2577344-F879-4E7C-B931-37894B29BC1F}.Release|x86.Build.0 = Release|x86
		{D2577344-F879-4E7C-B931-37894B29BC1F}.Release|x86.Deploy.0 = Release|x86
		{C1684FDB-7D45-40C6-91E8-9C04B5B97589}.Debug|Any CPU.ActiveCfg = Debug|Any CPU
		{C1684FDB-7D45-40C6-91E8-9C04B5B97589}.Debug|Any CPU.Build.0 = Debug|Any CPU
		{C1684FDB-7D45-40C6-91E8-9C04B5B97589}.Debug|Any CPU.Deploy.0 = Debug|Any CPU
		{C1684FDB-7D45-40C6-91E8-9C04B5B97589}.Debug|ARM.ActiveCfg = Debug|Any CPU
		{C1684FDB-7D45-40C6-91E8-9C04B5B97589}.Debug|ARM.Build.0 = Debug|Any CPU
		{C1684FDB-7D45-40C6-91E8-9C04B5B97589}.Debug|ARM.Deploy.0 = Debug|Any CPU
		{C1684FDB-7D45-40C6-91E8-9C04B5B97589}.Debug|iPhone.ActiveCfg = Debug|Any CPU
		{C1684FDB-7D45-40C6-91E8-9C04B5B97589}.Debug|iPhone.Build.0 = Debug|Any CPU
		{C1684FDB-7D45-40C6-91E8-9C04B5B97589}.Debug|iPhone.Deploy.0 = Debug|Any CPU
		{C1684FDB-7D45-40C6-91E8-9C04B5B97589}.Debug|iPhoneSimulator.ActiveCfg = Debug|Any CPU
		{C1684FDB-7D45-40C6-91E8-9C04B5B97589}.Debug|iPhoneSimulator.Build.0 = Debug|Any CPU
		{C1684FDB-7D45-40C6-91E8-9C04B5B97589}.Debug|iPhoneSimulator.Deploy.0 = Debug|Any CPU
		{C1684FDB-7D45-40C6-91E8-9C04B5B97589}.Debug|x64.ActiveCfg = Debug|Any CPU
		{C1684FDB-7D45-40C6-91E8-9C04B5B97589}.Debug|x64.Build.0 = Debug|Any CPU
		{C1684FDB-7D45-40C6-91E8-9C04B5B97589}.Debug|x64.Deploy.0 = Debug|Any CPU
		{C1684FDB-7D45-40C6-91E8-9C04B5B97589}.Debug|x86.ActiveCfg = Debug|Any CPU
		{C1684FDB-7D45-40C6-91E8-9C04B5B97589}.Debug|x86.Build.0 = Debug|Any CPU
		{C1684FDB-7D45-40C6-91E8-9C04B5B97589}.Debug|x86.Deploy.0 = Debug|Any CPU
		{C1684FDB-7D45-40C6-91E8-9C04B5B97589}.Release|Any CPU.ActiveCfg = Release|Any CPU
		{C1684FDB-7D45-40C6-91E8-9C04B5B97589}.Release|Any CPU.Build.0 = Release|Any CPU
		{C1684FDB-7D45-40C6-91E8-9C04B5B97589}.Release|Any CPU.Deploy.0 = Release|Any CPU
		{C1684FDB-7D45-40C6-91E8-9C04B5B97589}.Release|ARM.ActiveCfg = Release|Any CPU
		{C1684FDB-7D45-40C6-91E8-9C04B5B97589}.Release|ARM.Build.0 = Release|Any CPU
		{C1684FDB-7D45-40C6-91E8-9C04B5B97589}.Release|ARM.Deploy.0 = Release|Any CPU
		{C1684FDB-7D45-40C6-91E8-9C04B5B97589}.Release|iPhone.ActiveCfg = Release|Any CPU
		{C1684FDB-7D45-40C6-91E8-9C04B5B97589}.Release|iPhone.Build.0 = Release|Any CPU
		{C1684FDB-7D45-40C6-91E8-9C04B5B97589}.Release|iPhone.Deploy.0 = Release|Any CPU
		{C1684FDB-7D45-40C6-91E8-9C04B5B97589}.Release|iPhoneSimulator.ActiveCfg = Release|Any CPU
		{C1684FDB-7D45-40C6-91E8-9C04B5B97589}.Release|iPhoneSimulator.Build.0 = Release|Any CPU
		{C1684FDB-7D45-40C6-91E8-9C04B5B97589}.Release|iPhoneSimulator.Deploy.0 = Release|Any CPU
		{C1684FDB-7D45-40C6-91E8-9C04B5B97589}.Release|x64.ActiveCfg = Release|Any CPU
		{C1684FDB-7D45-40C6-91E8-9C04B5B97589}.Release|x64.Build.0 = Release|Any CPU
		{C1684FDB-7D45-40C6-91E8-9C04B5B97589}.Release|x64.Deploy.0 = Release|Any CPU
		{C1684FDB-7D45-40C6-91E8-9C04B5B97589}.Release|x86.ActiveCfg = Release|Any CPU
		{C1684FDB-7D45-40C6-91E8-9C04B5B97589}.Release|x86.Build.0 = Release|Any CPU
		{C1684FDB-7D45-40C6-91E8-9C04B5B97589}.Release|x86.Deploy.0 = Release|Any CPU
		{5260FB12-4A8F-4D25-9718-0FAD8CC89166}.Debug|Any CPU.ActiveCfg = Debug|iPhoneSimulator
		{5260FB12-4A8F-4D25-9718-0FAD8CC89166}.Debug|Any CPU.Build.0 = Debug|iPhoneSimulator
		{5260FB12-4A8F-4D25-9718-0FAD8CC89166}.Debug|Any CPU.Deploy.0 = Debug|iPhoneSimulator
		{5260FB12-4A8F-4D25-9718-0FAD8CC89166}.Debug|ARM.ActiveCfg = Debug|iPhone
		{5260FB12-4A8F-4D25-9718-0FAD8CC89166}.Debug|ARM.Build.0 = Debug|iPhone
		{5260FB12-4A8F-4D25-9718-0FAD8CC89166}.Debug|ARM.Deploy.0 = Debug|iPhone
		{5260FB12-4A8F-4D25-9718-0FAD8CC89166}.Debug|iPhone.ActiveCfg = Debug|iPhone
		{5260FB12-4A8F-4D25-9718-0FAD8CC89166}.Debug|iPhone.Build.0 = Debug|iPhone
		{5260FB12-4A8F-4D25-9718-0FAD8CC89166}.Debug|iPhone.Deploy.0 = Debug|iPhone
		{5260FB12-4A8F-4D25-9718-0FAD8CC89166}.Debug|iPhoneSimulator.ActiveCfg = Debug|iPhoneSimulator
		{5260FB12-4A8F-4D25-9718-0FAD8CC89166}.Debug|iPhoneSimulator.Build.0 = Debug|iPhoneSimulator
		{5260FB12-4A8F-4D25-9718-0FAD8CC89166}.Debug|iPhoneSimulator.Deploy.0 = Debug|iPhoneSimulator
		{5260FB12-4A8F-4D25-9718-0FAD8CC89166}.Debug|x64.ActiveCfg = Debug|iPhoneSimulator
		{5260FB12-4A8F-4D25-9718-0FAD8CC89166}.Debug|x64.Build.0 = Debug|iPhoneSimulator
		{5260FB12-4A8F-4D25-9718-0FAD8CC89166}.Debug|x64.Deploy.0 = Debug|iPhoneSimulator
		{5260FB12-4A8F-4D25-9718-0FAD8CC89166}.Debug|x86.ActiveCfg = Debug|iPhoneSimulator
		{5260FB12-4A8F-4D25-9718-0FAD8CC89166}.Debug|x86.Build.0 = Debug|iPhoneSimulator
		{5260FB12-4A8F-4D25-9718-0FAD8CC89166}.Debug|x86.Deploy.0 = Debug|iPhoneSimulator
		{5260FB12-4A8F-4D25-9718-0FAD8CC89166}.Release|Any CPU.ActiveCfg = Release|iPhoneSimulator
		{5260FB12-4A8F-4D25-9718-0FAD8CC89166}.Release|Any CPU.Build.0 = Release|iPhoneSimulator
		{5260FB12-4A8F-4D25-9718-0FAD8CC89166}.Release|Any CPU.Deploy.0 = Release|iPhoneSimulator
		{5260FB12-4A8F-4D25-9718-0FAD8CC89166}.Release|ARM.ActiveCfg = Release|iPhoneSimulator
		{5260FB12-4A8F-4D25-9718-0FAD8CC89166}.Release|ARM.Build.0 = Release|iPhoneSimulator
		{5260FB12-4A8F-4D25-9718-0FAD8CC89166}.Release|ARM.Deploy.0 = Release|iPhoneSimulator
		{5260FB12-4A8F-4D25-9718-0FAD8CC89166}.Release|iPhone.ActiveCfg = Release|iPhone
		{5260FB12-4A8F-4D25-9718-0FAD8CC89166}.Release|iPhone.Build.0 = Release|iPhone
		{5260FB12-4A8F-4D25-9718-0FAD8CC89166}.Release|iPhone.Deploy.0 = Release|iPhone
		{5260FB12-4A8F-4D25-9718-0FAD8CC89166}.Release|iPhoneSimulator.ActiveCfg = Release|iPhoneSimulator
		{5260FB12-4A8F-4D25-9718-0FAD8CC89166}.Release|iPhoneSimulator.Build.0 = Release|iPhoneSimulator
		{5260FB12-4A8F-4D25-9718-0FAD8CC89166}.Release|iPhoneSimulator.Deploy.0 = Release|iPhoneSimulator
		{5260FB12-4A8F-4D25-9718-0FAD8CC89166}.Release|x64.ActiveCfg = Release|iPhoneSimulator
		{5260FB12-4A8F-4D25-9718-0FAD8CC89166}.Release|x64.Build.0 = Release|iPhoneSimulator
		{5260FB12-4A8F-4D25-9718-0FAD8CC89166}.Release|x64.Deploy.0 = Release|iPhoneSimulator
		{5260FB12-4A8F-4D25-9718-0FAD8CC89166}.Release|x86.ActiveCfg = Release|iPhoneSimulator
		{5260FB12-4A8F-4D25-9718-0FAD8CC89166}.Release|x86.Build.0 = Release|iPhoneSimulator
		{5260FB12-4A8F-4D25-9718-0FAD8CC89166}.Release|x86.Deploy.0 = Release|iPhoneSimulator
		{F282F3C7-F8F0-4224-98DC-093BBE76F7C4}.Debug|Any CPU.ActiveCfg = Debug|Any CPU
		{F282F3C7-F8F0-4224-98DC-093BBE76F7C4}.Debug|Any CPU.Build.0 = Debug|Any CPU
		{F282F3C7-F8F0-4224-98DC-093BBE76F7C4}.Debug|Any CPU.Deploy.0 = Debug|Any CPU
		{F282F3C7-F8F0-4224-98DC-093BBE76F7C4}.Debug|ARM.ActiveCfg = Debug|Any CPU
		{F282F3C7-F8F0-4224-98DC-093BBE76F7C4}.Debug|ARM.Build.0 = Debug|Any CPU
		{F282F3C7-F8F0-4224-98DC-093BBE76F7C4}.Debug|ARM.Deploy.0 = Debug|Any CPU
		{F282F3C7-F8F0-4224-98DC-093BBE76F7C4}.Debug|iPhone.ActiveCfg = Debug|Any CPU
		{F282F3C7-F8F0-4224-98DC-093BBE76F7C4}.Debug|iPhone.Build.0 = Debug|Any CPU
		{F282F3C7-F8F0-4224-98DC-093BBE76F7C4}.Debug|iPhone.Deploy.0 = Debug|Any CPU
		{F282F3C7-F8F0-4224-98DC-093BBE76F7C4}.Debug|iPhoneSimulator.ActiveCfg = Debug|Any CPU
		{F282F3C7-F8F0-4224-98DC-093BBE76F7C4}.Debug|iPhoneSimulator.Build.0 = Debug|Any CPU
		{F282F3C7-F8F0-4224-98DC-093BBE76F7C4}.Debug|iPhoneSimulator.Deploy.0 = Debug|Any CPU
		{F282F3C7-F8F0-4224-98DC-093BBE76F7C4}.Debug|x64.ActiveCfg = Debug|Any CPU
		{F282F3C7-F8F0-4224-98DC-093BBE76F7C4}.Debug|x64.Build.0 = Debug|Any CPU
		{F282F3C7-F8F0-4224-98DC-093BBE76F7C4}.Debug|x64.Deploy.0 = Debug|Any CPU
		{F282F3C7-F8F0-4224-98DC-093BBE76F7C4}.Debug|x86.ActiveCfg = Debug|Any CPU
		{F282F3C7-F8F0-4224-98DC-093BBE76F7C4}.Debug|x86.Build.0 = Debug|Any CPU
		{F282F3C7-F8F0-4224-98DC-093BBE76F7C4}.Debug|x86.Deploy.0 = Debug|Any CPU
		{F282F3C7-F8F0-4224-98DC-093BBE76F7C4}.Release|Any CPU.ActiveCfg = Release|Any CPU
		{F282F3C7-F8F0-4224-98DC-093BBE76F7C4}.Release|Any CPU.Build.0 = Release|Any CPU
		{F282F3C7-F8F0-4224-98DC-093BBE76F7C4}.Release|Any CPU.Deploy.0 = Release|Any CPU
		{F282F3C7-F8F0-4224-98DC-093BBE76F7C4}.Release|ARM.ActiveCfg = Release|Any CPU
		{F282F3C7-F8F0-4224-98DC-093BBE76F7C4}.Release|ARM.Build.0 = Release|Any CPU
		{F282F3C7-F8F0-4224-98DC-093BBE76F7C4}.Release|ARM.Deploy.0 = Release|Any CPU
		{F282F3C7-F8F0-4224-98DC-093BBE76F7C4}.Release|iPhone.ActiveCfg = Release|Any CPU
		{F282F3C7-F8F0-4224-98DC-093BBE76F7C4}.Release|iPhone.Build.0 = Release|Any CPU
		{F282F3C7-F8F0-4224-98DC-093BBE76F7C4}.Release|iPhone.Deploy.0 = Release|Any CPU
		{F282F3C7-F8F0-4224-98DC-093BBE76F7C4}.Release|iPhoneSimulator.ActiveCfg = Release|Any CPU
		{F282F3C7-F8F0-4224-98DC-093BBE76F7C4}.Release|iPhoneSimulator.Build.0 = Release|Any CPU
		{F282F3C7-F8F0-4224-98DC-093BBE76F7C4}.Release|iPhoneSimulator.Deploy.0 = Release|Any CPU
		{F282F3C7-F8F0-4224-98DC-093BBE76F7C4}.Release|x64.ActiveCfg = Release|Any CPU
		{F282F3C7-F8F0-4224-98DC-093BBE76F7C4}.Release|x64.Build.0 = Release|Any CPU
		{F282F3C7-F8F0-4224-98DC-093BBE76F7C4}.Release|x64.Deploy.0 = Release|Any CPU
		{F282F3C7-F8F0-4224-98DC-093BBE76F7C4}.Release|x86.ActiveCfg = Release|Any CPU
		{F282F3C7-F8F0-4224-98DC-093BBE76F7C4}.Release|x86.Build.0 = Release|Any CPU
		{F282F3C7-F8F0-4224-98DC-093BBE76F7C4}.Release|x86.Deploy.0 = Release|Any CPU
		{624175D6-9739-4109-9BA2-96EBD62B4736}.Debug|Any CPU.ActiveCfg = Debug|Any CPU
		{624175D6-9739-4109-9BA2-96EBD62B4736}.Debug|Any CPU.Build.0 = Debug|Any CPU
		{624175D6-9739-4109-9BA2-96EBD62B4736}.Debug|ARM.ActiveCfg = Debug|Any CPU
		{624175D6-9739-4109-9BA2-96EBD62B4736}.Debug|ARM.Build.0 = Debug|Any CPU
		{624175D6-9739-4109-9BA2-96EBD62B4736}.Debug|iPhone.ActiveCfg = Debug|Any CPU
		{624175D6-9739-4109-9BA2-96EBD62B4736}.Debug|iPhone.Build.0 = Debug|Any CPU
		{624175D6-9739-4109-9BA2-96EBD62B4736}.Debug|iPhoneSimulator.ActiveCfg = Debug|Any CPU
		{624175D6-9739-4109-9BA2-96EBD62B4736}.Debug|iPhoneSimulator.Build.0 = Debug|Any CPU
		{624175D6-9739-4109-9BA2-96EBD62B4736}.Debug|x64.ActiveCfg = Debug|Any CPU
		{624175D6-9739-4109-9BA2-96EBD62B4736}.Debug|x64.Build.0 = Debug|Any CPU
		{624175D6-9739-4109-9BA2-96EBD62B4736}.Debug|x86.ActiveCfg = Debug|Any CPU
		{624175D6-9739-4109-9BA2-96EBD62B4736}.Debug|x86.Build.0 = Debug|Any CPU
		{624175D6-9739-4109-9BA2-96EBD62B4736}.Release|Any CPU.ActiveCfg = Release|Any CPU
		{624175D6-9739-4109-9BA2-96EBD62B4736}.Release|Any CPU.Build.0 = Release|Any CPU
		{624175D6-9739-4109-9BA2-96EBD62B4736}.Release|ARM.ActiveCfg = Release|Any CPU
		{624175D6-9739-4109-9BA2-96EBD62B4736}.Release|ARM.Build.0 = Release|Any CPU
		{624175D6-9739-4109-9BA2-96EBD62B4736}.Release|iPhone.ActiveCfg = Release|Any CPU
		{624175D6-9739-4109-9BA2-96EBD62B4736}.Release|iPhone.Build.0 = Release|Any CPU
		{624175D6-9739-4109-9BA2-96EBD62B4736}.Release|iPhoneSimulator.ActiveCfg = Release|Any CPU
		{624175D6-9739-4109-9BA2-96EBD62B4736}.Release|iPhoneSimulator.Build.0 = Release|Any CPU
		{624175D6-9739-4109-9BA2-96EBD62B4736}.Release|x64.ActiveCfg = Release|Any CPU
		{624175D6-9739-4109-9BA2-96EBD62B4736}.Release|x64.Build.0 = Release|Any CPU
		{624175D6-9739-4109-9BA2-96EBD62B4736}.Release|x86.ActiveCfg = Release|Any CPU
		{624175D6-9739-4109-9BA2-96EBD62B4736}.Release|x86.Build.0 = Release|Any CPU
		{472454CD-E395-419A-9C9A-2211DFFE6EDE}.Debug|Any CPU.ActiveCfg = Debug|Any CPU
		{472454CD-E395-419A-9C9A-2211DFFE6EDE}.Debug|Any CPU.Build.0 = Debug|Any CPU
		{472454CD-E395-419A-9C9A-2211DFFE6EDE}.Debug|ARM.ActiveCfg = Debug|Any CPU
		{472454CD-E395-419A-9C9A-2211DFFE6EDE}.Debug|ARM.Build.0 = Debug|Any CPU
		{472454CD-E395-419A-9C9A-2211DFFE6EDE}.Debug|iPhone.ActiveCfg = Debug|Any CPU
		{472454CD-E395-419A-9C9A-2211DFFE6EDE}.Debug|iPhone.Build.0 = Debug|Any CPU
		{472454CD-E395-419A-9C9A-2211DFFE6EDE}.Debug|iPhoneSimulator.ActiveCfg = Debug|Any CPU
		{472454CD-E395-419A-9C9A-2211DFFE6EDE}.Debug|iPhoneSimulator.Build.0 = Debug|Any CPU
		{472454CD-E395-419A-9C9A-2211DFFE6EDE}.Debug|x64.ActiveCfg = Debug|Any CPU
		{472454CD-E395-419A-9C9A-2211DFFE6EDE}.Debug|x64.Build.0 = Debug|Any CPU
		{472454CD-E395-419A-9C9A-2211DFFE6EDE}.Debug|x86.ActiveCfg = Debug|Any CPU
		{472454CD-E395-419A-9C9A-2211DFFE6EDE}.Debug|x86.Build.0 = Debug|Any CPU
		{472454CD-E395-419A-9C9A-2211DFFE6EDE}.Release|Any CPU.ActiveCfg = Release|Any CPU
		{472454CD-E395-419A-9C9A-2211DFFE6EDE}.Release|Any CPU.Build.0 = Release|Any CPU
		{472454CD-E395-419A-9C9A-2211DFFE6EDE}.Release|ARM.ActiveCfg = Release|Any CPU
		{472454CD-E395-419A-9C9A-2211DFFE6EDE}.Release|ARM.Build.0 = Release|Any CPU
		{472454CD-E395-419A-9C9A-2211DFFE6EDE}.Release|iPhone.ActiveCfg = Release|Any CPU
		{472454CD-E395-419A-9C9A-2211DFFE6EDE}.Release|iPhone.Build.0 = Release|Any CPU
		{472454CD-E395-419A-9C9A-2211DFFE6EDE}.Release|iPhoneSimulator.ActiveCfg = Release|Any CPU
		{472454CD-E395-419A-9C9A-2211DFFE6EDE}.Release|iPhoneSimulator.Build.0 = Release|Any CPU
		{472454CD-E395-419A-9C9A-2211DFFE6EDE}.Release|x64.ActiveCfg = Release|Any CPU
		{472454CD-E395-419A-9C9A-2211DFFE6EDE}.Release|x64.Build.0 = Release|Any CPU
		{472454CD-E395-419A-9C9A-2211DFFE6EDE}.Release|x86.ActiveCfg = Release|Any CPU
		{472454CD-E395-419A-9C9A-2211DFFE6EDE}.Release|x86.Build.0 = Release|Any CPU
		{B144BAC5-A6F1-4493-9450-F48BE19877D9}.Debug|Any CPU.ActiveCfg = Debug|Any CPU
		{B144BAC5-A6F1-4493-9450-F48BE19877D9}.Debug|Any CPU.Build.0 = Debug|Any CPU
		{B144BAC5-A6F1-4493-9450-F48BE19877D9}.Debug|ARM.ActiveCfg = Debug|Any CPU
		{B144BAC5-A6F1-4493-9450-F48BE19877D9}.Debug|ARM.Build.0 = Debug|Any CPU
		{B144BAC5-A6F1-4493-9450-F48BE19877D9}.Debug|iPhone.ActiveCfg = Debug|Any CPU
		{B144BAC5-A6F1-4493-9450-F48BE19877D9}.Debug|iPhone.Build.0 = Debug|Any CPU
		{B144BAC5-A6F1-4493-9450-F48BE19877D9}.Debug|iPhoneSimulator.ActiveCfg = Debug|Any CPU
		{B144BAC5-A6F1-4493-9450-F48BE19877D9}.Debug|iPhoneSimulator.Build.0 = Debug|Any CPU
		{B144BAC5-A6F1-4493-9450-F48BE19877D9}.Debug|x64.ActiveCfg = Debug|Any CPU
		{B144BAC5-A6F1-4493-9450-F48BE19877D9}.Debug|x64.Build.0 = Debug|Any CPU
		{B144BAC5-A6F1-4493-9450-F48BE19877D9}.Debug|x86.ActiveCfg = Debug|Any CPU
		{B144BAC5-A6F1-4493-9450-F48BE19877D9}.Debug|x86.Build.0 = Debug|Any CPU
		{B144BAC5-A6F1-4493-9450-F48BE19877D9}.Release|Any CPU.ActiveCfg = Release|Any CPU
		{B144BAC5-A6F1-4493-9450-F48BE19877D9}.Release|Any CPU.Build.0 = Release|Any CPU
		{B144BAC5-A6F1-4493-9450-F48BE19877D9}.Release|ARM.ActiveCfg = Release|Any CPU
		{B144BAC5-A6F1-4493-9450-F48BE19877D9}.Release|ARM.Build.0 = Release|Any CPU
		{B144BAC5-A6F1-4493-9450-F48BE19877D9}.Release|iPhone.ActiveCfg = Release|Any CPU
		{B144BAC5-A6F1-4493-9450-F48BE19877D9}.Release|iPhone.Build.0 = Release|Any CPU
		{B144BAC5-A6F1-4493-9450-F48BE19877D9}.Release|iPhoneSimulator.ActiveCfg = Release|Any CPU
		{B144BAC5-A6F1-4493-9450-F48BE19877D9}.Release|iPhoneSimulator.Build.0 = Release|Any CPU
		{B144BAC5-A6F1-4493-9450-F48BE19877D9}.Release|x64.ActiveCfg = Release|Any CPU
		{B144BAC5-A6F1-4493-9450-F48BE19877D9}.Release|x64.Build.0 = Release|Any CPU
		{B144BAC5-A6F1-4493-9450-F48BE19877D9}.Release|x86.ActiveCfg = Release|Any CPU
		{B144BAC5-A6F1-4493-9450-F48BE19877D9}.Release|x86.Build.0 = Release|Any CPU
		{5BBC17E6-C4AE-477C-AFDF-62AAD1DC3A85}.Debug|Any CPU.ActiveCfg = Debug|Any CPU
		{5BBC17E6-C4AE-477C-AFDF-62AAD1DC3A85}.Debug|Any CPU.Build.0 = Debug|Any CPU
		{5BBC17E6-C4AE-477C-AFDF-62AAD1DC3A85}.Debug|ARM.ActiveCfg = Debug|Any CPU
		{5BBC17E6-C4AE-477C-AFDF-62AAD1DC3A85}.Debug|ARM.Build.0 = Debug|Any CPU
		{5BBC17E6-C4AE-477C-AFDF-62AAD1DC3A85}.Debug|iPhone.ActiveCfg = Debug|Any CPU
		{5BBC17E6-C4AE-477C-AFDF-62AAD1DC3A85}.Debug|iPhone.Build.0 = Debug|Any CPU
		{5BBC17E6-C4AE-477C-AFDF-62AAD1DC3A85}.Debug|iPhoneSimulator.ActiveCfg = Debug|Any CPU
		{5BBC17E6-C4AE-477C-AFDF-62AAD1DC3A85}.Debug|iPhoneSimulator.Build.0 = Debug|Any CPU
		{5BBC17E6-C4AE-477C-AFDF-62AAD1DC3A85}.Debug|x64.ActiveCfg = Debug|Any CPU
		{5BBC17E6-C4AE-477C-AFDF-62AAD1DC3A85}.Debug|x64.Build.0 = Debug|Any CPU
		{5BBC17E6-C4AE-477C-AFDF-62AAD1DC3A85}.Debug|x86.ActiveCfg = Debug|Any CPU
		{5BBC17E6-C4AE-477C-AFDF-62AAD1DC3A85}.Debug|x86.Build.0 = Debug|Any CPU
		{5BBC17E6-C4AE-477C-AFDF-62AAD1DC3A85}.Release|Any CPU.ActiveCfg = Release|Any CPU
		{5BBC17E6-C4AE-477C-AFDF-62AAD1DC3A85}.Release|Any CPU.Build.0 = Release|Any CPU
		{5BBC17E6-C4AE-477C-AFDF-62AAD1DC3A85}.Release|ARM.ActiveCfg = Release|Any CPU
		{5BBC17E6-C4AE-477C-AFDF-62AAD1DC3A85}.Release|ARM.Build.0 = Release|Any CPU
		{5BBC17E6-C4AE-477C-AFDF-62AAD1DC3A85}.Release|iPhone.ActiveCfg = Release|Any CPU
		{5BBC17E6-C4AE-477C-AFDF-62AAD1DC3A85}.Release|iPhone.Build.0 = Release|Any CPU
		{5BBC17E6-C4AE-477C-AFDF-62AAD1DC3A85}.Release|iPhoneSimulator.ActiveCfg = Release|Any CPU
		{5BBC17E6-C4AE-477C-AFDF-62AAD1DC3A85}.Release|iPhoneSimulator.Build.0 = Release|Any CPU
		{5BBC17E6-C4AE-477C-AFDF-62AAD1DC3A85}.Release|x64.ActiveCfg = Release|Any CPU
		{5BBC17E6-C4AE-477C-AFDF-62AAD1DC3A85}.Release|x64.Build.0 = Release|Any CPU
		{5BBC17E6-C4AE-477C-AFDF-62AAD1DC3A85}.Release|x86.ActiveCfg = Release|Any CPU
		{5BBC17E6-C4AE-477C-AFDF-62AAD1DC3A85}.Release|x86.Build.0 = Release|Any CPU
	EndGlobalSection
	GlobalSection(SolutionProperties) = preSolution
		HideSolutionNode = FALSE
	EndGlobalSection
	GlobalSection(NestedProjects) = preSolution
		{D2577344-F879-4E7C-B931-37894B29BC1F} = {685E387A-4901-404B-90FF-D82F5637D3D6}
		{C1684FDB-7D45-40C6-91E8-9C04B5B97589} = {685E387A-4901-404B-90FF-D82F5637D3D6}
		{5260FB12-4A8F-4D25-9718-0FAD8CC89166} = {685E387A-4901-404B-90FF-D82F5637D3D6}
		{F282F3C7-F8F0-4224-98DC-093BBE76F7C4} = {685E387A-4901-404B-90FF-D82F5637D3D6}
		{624175D6-9739-4109-9BA2-96EBD62B4736} = {A4220621-4A81-4D62-ABA2-0F0EEFE179A8}
		{472454CD-E395-419A-9C9A-2211DFFE6EDE} = {A4220621-4A81-4D62-ABA2-0F0EEFE179A8}
	EndGlobalSection
	GlobalSection(ExtensibilityGlobals) = postSolution
		SolutionGuid = {C2FC5C36-6A81-4D1F-9721-555AFDB658D9}
	EndGlobalSection
EndGlobal
